
Microsoft Visual Studio Solution File, Format Version 12.00
# Visual Studio Version 17
VisualStudioVersion = 17.12.35527.113
MinimumVisualStudioVersion = 10.0.40219.1
Project("{FAE04EC0-301F-11D3-BF4B-00C04F79EFBC}") = "Demo.presntation", "Demo.presntation\Demo.presntation.csproj", "{C01BB35D-BC8B-4ECF-928A-FE88C28E236B}"
EndProject
Project("{FAE04EC0-301F-11D3-BF4B-00C04F79EFBC}") = "Demo.BusinessLogic", "Demo.BusinessLogic\Demo.BusinessLogic.csproj", "{F0FBE2D5-3462-4624-ACAA-D14FC1742209}"
EndProject
Project("{FAE04EC0-301F-11D3-BF4B-00C04F79EFBC}") = "Demo.DataAccess", "Demo.DataAccess\Demo.DataAccess.csproj", "{3D2FD200-D502-47BB-A5DD-A778F03F6E76}"
EndProject
Global
	GlobalSection(SolutionConfigurationPlatforms) = preSolution
		Debug|Any CPU = Debug|Any CPU
		Release|Any CPU = Release|Any CPU
	EndGlobalSection
	GlobalSection(ProjectConfigurationPlatforms) = postSolution
		{C01BB35D-BC8B-4ECF-928A-FE88C28E236B}.Debug|Any CPU.ActiveCfg = Debug|Any CPU
		{C01BB35D-BC8B-4ECF-928A-FE88C28E236B}.Debug|Any CPU.Build.0 = Debug|Any CPU
		{C01BB35D-BC8B-4ECF-928A-FE88C28E236B}.Release|Any CPU.ActiveCfg = Release|Any CPU
		{C01BB35D-BC8B-4ECF-928A-FE88C28E236B}.Release|Any CPU.Build.0 = Release|Any CPU
		{F0FBE2D5-3462-4624-ACAA-D14FC1742209}.Debug|Any CPU.ActiveCfg = Debug|Any CPU
		{F0FBE2D5-3462-4624-ACAA-D14FC1742209}.Debug|Any CPU.Build.0 = Debug|Any CPU
		{F0FBE2D5-3462-4624-ACAA-D14FC1742209}.Release|Any CPU.ActiveCfg = Release|Any CPU
		{F0FBE2D5-3462-4624-ACAA-D14FC1742209}.Release|Any CPU.Build.0 = Release|Any CPU
		{3D2FD200-D502-47BB-A5DD-A778F03F6E76}.Debug|Any CPU.ActiveCfg = Debug|Any CPU
		{3D2FD200-D502-47BB-A5DD-A778F03F6E76}.Debug|Any CPU.Build.0 = Debug|Any CPU
		{3D2FD200-D502-47BB-A5DD-A778F03F6E76}.Release|Any CPU.ActiveCfg = Release|Any CPU
		{3D2FD200-D502-47BB-A5DD-A778F03F6E76}.Release|Any CPU.Build.0 = Release|Any CPU
	EndGlobalSection
	GlobalSection(SolutionProperties) = preSolution
		HideSolutionNode = FALSE
	EndGlobalSection
EndGlobal
